{
  "name": "Dev-Hive",
  "lockfileVersion": 3,
  "requires": true,
  "packages": {
    "": {
      "dependencies": {
        "@pinecone-database/pinecone": "^7.0.0"
      }
    },
    "node_modules/@pinecone-database/pinecone": {
      "version": "7.0.0",
      "resolved": "https://registry.npmjs.org/@pinecone-database/pinecone/-/pinecone-7.0.0.tgz",
      "integrity": "sha512-/+SzpIJPXhrwv27CCz+sFw/r22Sjk9s+i8nFTryPiQAcwgWmWRWFqT1/LGkTdd9NRhuEA48yaCx/HgM6ugLNJA==",
      "license": "Apache-2.0",
      "engines": {
        "node": ">=20.0.0"
      }
    }
  }
}
